{
  "name": "chinesedisk",
  "version": "0.0.0",
  "lockfileVersion": 1,
  "requires": true,
  "dependencies": {
    "@babel/helper-validator-identifier": {
      "version": "7.15.7",
      "resolved": "https://npm.yandex-team.ru/@babel%2fhelper-validator-identifier/-/helper-validator-identifier-7.15.7.tgz?rbtorrent=e0185be4cedaf5dfa7a5887757b0351f8518d631",
      "integrity": "sha512-K4JvCtQqad9OY2+yTU8w+E82ywk/fe+ELNlt1G8z3bVGlZfn/hOcQQsUhGhW/N+tb3fxK800wLtKOE/aM0m72w=="
    },
    "@babel/parser": {
      "version": "7.16.4",
      "resolved": "https://npm.yandex-team.ru/@babel%2fparser/-/parser-7.16.4.tgz?rbtorrent=60dd7c6a035e0c6ee931990bfcbd066e8782a3b5",
      "integrity": "sha512-6V0qdPUaiVHH3RtZeLIsc+6pDhbYzHR8ogA8w+f+Wc77DuXto19g2QUwveINoS34Uw+W8/hQDGJCx+i4n7xcng=="
    },
    "@babel/types": {
      "version": "7.16.0",
      "resolved": "https://npm.yandex-team.ru/@babel%2ftypes/-/types-7.16.0.tgz?rbtorrent=cefd3d6285f64aa3df61bcf485bfcf362c99add5",
      "integrity": "sha512-PJgg/k3SdLsGb3hhisFvtLOw5ts113klrpLuIPtCJIU+BB24fqq6lf8RWqKJEjzqXR9AEH1rIb5XTqwBHB+kQg==",
      "requires": {
        "@babel/helper-validator-identifier": "^7.15.7",
        "to-fast-properties": "^2.0.0"
      }
    },
    "@rauschma/stringio": {
      "version": "1.4.0",
      "resolved": "https://npm.yandex-team.ru/@rauschma%2fstringio/-/stringio-1.4.0.tgz?rbtorrent=a69d99f2a18fc391387f17d144098082c630f6ee",
      "integrity": "sha512-3uor2f/MXZkmX5RJf8r+OC3WvZVzpSme0yyL0rQDPEnatE02qRcqwEwnsgpgriEck0S/n4vWtUd6tTtrJwk45Q==",
      "requires": {
        "@types/node": "^10.0.3"
      },
      "dependencies": {
        "@types/node": {
          "version": "10.17.60",
          "resolved": "https://npm.yandex-team.ru/@types%2fnode/-/node-10.17.60.tgz?rbtorrent=1b5dc9ba5800da1a09dd171a7560a2034ff59c14",
          "integrity": "sha512-F0KIgDJfy2nA3zMLmWGKxcH2ZVEtCZXHHdOQs2gSaQ27+lNeEfGxzkIw90aXswATX7AZ33tahPbzy6KAfUreVw=="
        }
      }
    },
    "@types/node": {
      "version": "16.11.7",
      "resolved": "https://npm.yandex-team.ru/@types%2fnode/-/node-16.11.7.tgz?rbtorrent=c3a3a28b8bbaef5b2adea184d49e3c14b30750d4",
      "integrity": "sha512-QB5D2sqfSjCmTuWcBWyJ+/44bcjO7VbjSbOE0ucoVbAsSNQc4Lt6QkgkVXkTDwkL4z/beecZNDvVX15D4P8Jbw=="
    },
    "accepts": {
      "version": "1.3.7",
      "resolved": "https://npm.yandex-team.ru/accepts/-/accepts-1.3.7.tgz?rbtorrent=3ebb1bc98a8af7d37a741ed1ff66bd72aac9eb19",
      "integrity": "sha512-Il80Qs2WjYlJIBNzNkK6KYqlVMTbZLXgHx2oT0pU/fjRHyEp+PEfEPY0R3WCwAGVOtauxh1hOxNgIf5bv7dQpA==",
      "requires": {
        "mime-types": "~2.1.24",
        "negotiator": "0.6.2"
      }
    },
    "acorn": {
      "version": "7.4.1",
      "resolved": "https://npm.yandex-team.ru/acorn/-/acorn-7.4.1.tgz?rbtorrent=c0b240dd454653df4435b00e859eaf86e3b2cbf8",
      "integrity": "sha512-nQyp0o1/mNdbTO1PO6kHkwSrmgZ0MT/jCCpNiwbUjGoRN4dlBhqJtoQuCnEOKzgTVwg0ZWiCoQy6SxMebQVh8A=="
    },
    "append-field": {
      "version": "1.0.0",
      "resolved": "https://npm.yandex-team.ru/append-field/-/append-field-1.0.0.tgz?rbtorrent=5112e749b74963f44fac2a72eb857381f85c712b",
      "integrity": "sha1-HjRA6RXwsSA9I3SOeO3XubW0PlY="
    },
    "array-flatten": {
      "version": "1.1.1",
      "resolved": "https://npm.yandex-team.ru/array-flatten/-/array-flatten-1.1.1.tgz?rbtorrent=eefceecfb896133878572a9e86dd3b5e5a8500f2",
      "integrity": "sha1-ml9pkFGx5wczKPKgCJaLZOopVdI="
    },
    "asap": {
      "version": "2.0.6",
      "resolved": "http://npm.yandex-team.ru/asap/-/asap-2.0.6.tgz?rbtorrent=77af4fcaa0dc1e8e066a44617b0ad1fccdfe29ed",
      "integrity": "sha1-5QNHYR1+aQlDIIu9r+vLwvuGbUY="
    },
    "assert-never": {
      "version": "1.2.1",
      "resolved": "https://npm.yandex-team.ru/assert-never/-/assert-never-1.2.1.tgz?rbtorrent=551bfeb6412ec5ebdf4ac9240a67a60b5a0e45da",
      "integrity": "sha512-TaTivMB6pYI1kXwrFlEhLeGfOqoDNdTxjCdwRfFFkEA30Eu+k48W34nlok2EYWJfFFzqaEmichdNM7th6M5HNw=="
    },
    "babel-walk": {
      "version": "3.0.0-canary-5",
      "resolved": "https://npm.yandex-team.ru/babel-walk/-/babel-walk-3.0.0-canary-5.tgz?rbtorrent=b57b0977071ab98e194021dfbaddd13c418a08ad",
      "integrity": "sha512-GAwkz0AihzY5bkwIY5QDR+LvsRQgB/B+1foMPvi0FZPMl5fjD7ICiznUiBdLYMH1QYe6vqu4gWYytZOccLouFw==",
      "requires": {
        "@babel/types": "^7.9.6"
      }
    },
    "basic-auth": {
      "version": "2.0.1",
      "resolved": "https://npm.yandex-team.ru/basic-auth/-/basic-auth-2.0.1.tgz?rbtorrent=a8698597b871cd2e1dbd1685d986d176d22ddc94",
      "integrity": "sha512-NF+epuEdnUYVlGuhaxbbq+dvJttwLnGY+YixlXlME5KpQ5W3CnXA5cVTneY3SPbPDRkcjMbifrwmFYcClgOZeg==",
      "requires": {
        "safe-buffer": "5.1.2"
      }
    },
    "body-parser": {
      "version": "1.19.0",
      "resolved": "https://npm.yandex-team.ru/body-parser/-/body-parser-1.19.0.tgz?rbtorrent=bd9de38cf019389f8b817171014912a315089f37",
      "integrity": "sha512-dhEPs72UPbDnAQJ9ZKMNTP6ptJaionhP5cBb541nXPlW60Jepo9RV/a4fX4XWW9CuFNK22krhrj1+rgzifNCsw==",
      "requires": {
        "bytes": "3.1.0",
        "content-type": "~1.0.4",
        "debug": "2.6.9",
        "depd": "~1.1.2",
        "http-errors": "1.7.2",
        "iconv-lite": "0.4.24",
        "on-finished": "~2.3.0",
        "qs": "6.7.0",
        "raw-body": "2.4.0",
        "type-is": "~1.6.17"
      },
      "dependencies": {
        "debug": {
          "version": "2.6.9",
          "resolved": "https://npm.yandex-team.ru/debug/-/debug-2.6.9.tgz?rbtorrent=b02284ec84efd1aee23ff49704863922a0155cb1",
          "integrity": "sha512-bC7ElrdJaJnPbAP+1EotYvqZsb3ecl5wi6Bfi6BJTUcNowp6cvspg0jXznRTKDjm/E7AdgFBVeAPVMNcKGsHMA==",
          "requires": {
            "ms": "2.0.0"
          }
        },
        "http-errors": {
          "version": "1.7.2",
          "resolved": "https://npm.yandex-team.ru/http-errors/-/http-errors-1.7.2.tgz?rbtorrent=b14ddbe938ba638e3505a81cd0ea159cad6edcca",
          "integrity": "sha512-uUQBt3H/cSIVfch6i1EuPNy/YsRSOUBXTVfZ+yR7Zjez3qjBz6i9+i4zjNaoqcoFVI4lQJ5plg63TvGfRSDCRg==",
          "requires": {
            "depd": "~1.1.2",
            "inherits": "2.0.3",
            "setprototypeof": "1.1.1",
            "statuses": ">= 1.5.0 < 2",
            "toidentifier": "1.0.0"
          }
        },
        "ms": {
          "version": "2.0.0",
          "resolved": "https://npm.yandex-team.ru/ms/-/ms-2.0.0.tgz?rbtorrent=b9c1399c483ed1bf4d9fff8735579b86c77001f8",
          "integrity": "sha1-VgiurfwAvmwpAd9fmGF4jeDVl8g="
        }
      }
    },
    "buffer-from": {
      "version": "1.1.2",
      "resolved": "https://npm.yandex-team.ru/buffer-from/-/buffer-from-1.1.2.tgz?rbtorrent=2ab7cd44279a22ccba6d127a4cf91805f5369ff3",
      "integrity": "sha512-E+XQCRwSbaaiChtv6k6Dwgc+bx+Bs6vuKJHHl5kox/BaKbhiXzqQOwK4cO22yElGp2OCmjwVhT3HmxgyPGnJfQ=="
    },
    "busboy": {
      "version": "0.2.14",
      "resolved": "https://npm.yandex-team.ru/busboy/-/busboy-0.2.14.tgz?rbtorrent=fb3a0e41c2526f46f204ba16a487b00694605269",
      "integrity": "sha1-bCpiLvz0fFe7vh4qnDetNseSVFM=",
      "requires": {
        "dicer": "0.2.5",
        "readable-stream": "1.1.x"
      }
    },
    "bytes": {
      "version": "3.1.0",
      "resolved": "https://npm.yandex-team.ru/bytes/-/bytes-3.1.0.tgz?rbtorrent=b45706074d528f384ea015afc59c25a77b8c8d90",
      "integrity": "sha512-zauLjrfCG+xvoyaqLoV8bLVXXNGC4JqlxFCutSDWA6fJrTo2ZuvLYTqZ7aHBLZSMOopbzwv8f+wZcVzfVTI2Dg=="
    },
    "call-bind": {
      "version": "1.0.2",
      "resolved": "https://npm.yandex-team.ru/call-bind/-/call-bind-1.0.2.tgz?rbtorrent=bf4cea46709b648e685ef85dce0de57799706b71",
      "integrity": "sha512-7O+FbCihrB5WGbFYesctwmTKae6rOiIzmz1icreWJ+0aA7LJfuqhEso2T9ncpcFtzMQtzXf2QGGueWJGTYsqrA==",
      "requires": {
        "function-bind": "^1.1.1",
        "get-intrinsic": "^1.0.2"
      }
    },
    "character-parser": {
      "version": "2.2.0",
      "resolved": "https://npm.yandex-team.ru/character-parser/-/character-parser-2.2.0.tgz?rbtorrent=1262978ad3434b37c75f54f5cd3caee87ebb16c2",
      "integrity": "sha1-x84o821LzZdE5f/CxfzeHHMmH8A=",
      "requires": {
        "is-regex": "^1.0.3"
      }
    },
    "concat-stream": {
      "version": "1.6.2",
      "resolved": "https://npm.yandex-team.ru/concat-stream/-/concat-stream-1.6.2.tgz?rbtorrent=a65ae55b4f82c5f3d8047a242c8913ea21341085",
      "integrity": "sha512-27HBghJxjiZtIk3Ycvn/4kbJk/1uZuJFfuPEns6LaEvpvG1f0hTea8lilrouyo9mVc2GWdcEZ8OLoGmSADlrCw==",
      "requires": {
        "buffer-from": "^1.0.0",
        "inherits": "^2.0.3",
        "readable-stream": "^2.2.2",
        "typedarray": "^0.0.6"
      },
      "dependencies": {
        "isarray": {
          "version": "1.0.0",
          "resolved": "https://npm.yandex-team.ru/isarray/-/isarray-1.0.0.tgz?rbtorrent=83dabca8b41690244744fa59215842863fc7cdd0",
          "integrity": "sha1-u5NdSFgsuhaMBoNJV6VKPgcSTxE="
        },
        "readable-stream": {
          "version": "2.3.7",
          "resolved": "https://npm.yandex-team.ru/readable-stream/-/readable-stream-2.3.7.tgz?rbtorrent=1de37c295425680ed65283833cd516ca4fa8bfdd",
          "integrity": "sha512-Ebho8K4jIbHAxnuxi7o42OrZgF/ZTNcsZj6nRKyUmkhLFq8CHItp/fy6hQZuZmP/n3yZ9VBUbp4zz/mX8hmYPw==",
          "requires": {
            "core-util-is": "~1.0.0",
            "inherits": "~2.0.3",
            "isarray": "~1.0.0",
            "process-nextick-args": "~2.0.0",
            "safe-buffer": "~5.1.1",
            "string_decoder": "~1.1.1",
            "util-deprecate": "~1.0.1"
          }
        },
        "string_decoder": {
          "version": "1.1.1",
          "resolved": "https://npm.yandex-team.ru/string_decoder/-/string_decoder-1.1.1.tgz?rbtorrent=7ee5be81f884cbabbca9bd38518df624e2e1fe66",
          "integrity": "sha512-n/ShnvDi6FHbbVfviro+WojiFzv+s8MPMHBczVePfUpDJLwoLT0ht1l4YwBCbi8pJAveEEdnkHyPyTP/mzRfwg==",
          "requires": {
            "safe-buffer": "~5.1.0"
          }
        }
      }
    },
    "constantinople": {
      "version": "4.0.1",
      "resolved": "https://npm.yandex-team.ru/constantinople/-/constantinople-4.0.1.tgz?rbtorrent=a78b79e32c711e80e37b9149b5a692da7c6fce0e",
      "integrity": "sha512-vCrqcSIq4//Gx74TXXCGnHpulY1dskqLTFGDmhrGxzeXL8lF8kvXv6mpNWlJj1uD4DW23D4ljAqbY4RRaaUZIw==",
      "requires": {
        "@babel/parser": "^7.6.0",
        "@babel/types": "^7.6.1"
      }
    },
    "content-disposition": {
      "version": "0.5.3",
      "resolved": "https://npm.yandex-team.ru/content-disposition/-/content-disposition-0.5.3.tgz?rbtorrent=07836e1292333c232b93fa60fe2cd506947eb2b8",
      "integrity": "sha512-ExO0774ikEObIAEV9kDo50o+79VCUdEB6n6lzKgGwupcVeRlhrj3qGAfwq8G6uBJjkqLrhT0qEYFcWng8z1z0g==",
      "requires": {
        "safe-buffer": "5.1.2"
      }
    },
    "content-type": {
      "version": "1.0.4",
      "resolved": "https://npm.yandex-team.ru/content-type/-/content-type-1.0.4.tgz?rbtorrent=3fa2055972cff7271199121f53be396da4f020eb",
      "integrity": "sha512-hIP3EEPs8tB9AT1L+NUqtwOAps4mk2Zob89MWXMHjHWg9milF/j4osnnQLXBCBFBk/tvIG/tUc9mOUJiPBhPXA=="
    },
    "cookie": {
      "version": "0.4.1",
      "resolved": "https://npm.yandex-team.ru/cookie/-/cookie-0.4.1.tgz?rbtorrent=199246c91501809b908d42345b907e34cd9929d5",
      "integrity": "sha512-ZwrFkGJxUR3EIoXtO+yVE69Eb7KlixbaeAWfBQB9vVsNn/o+Yw69gBWSSDK825hQNdN+wF8zELf3dFNl/kxkUA=="
    },
    "cookie-parser": {
      "version": "1.4.6",
      "resolved": "https://npm.yandex-team.ru/cookie-parser/-/cookie-parser-1.4.6.tgz?rbtorrent=345d356e2c8749a283336cf131955f9d2f1f6323",
      "integrity": "sha512-z3IzaNjdwUC2olLIB5/ITd0/setiaFMLYiZJle7xg5Fe9KWAceil7xszYfHHBtDFYLSgJduS2Ty0P1uJdPDJeA==",
      "requires": {
        "cookie": "0.4.1",
        "cookie-signature": "1.0.6"
      }
    },
    "cookie-signature": {
      "version": "1.0.6",
      "resolved": "https://npm.yandex-team.ru/cookie-signature/-/cookie-signature-1.0.6.tgz?rbtorrent=55c823568c26e12f27877518a27e19fec8779a71",
      "integrity": "sha1-4wOogrNCzD7oylE6eZmXNNqzriw="
    },
    "core-util-is": {
      "version": "1.0.3",
      "resolved": "https://npm.yandex-team.ru/core-util-is/-/core-util-is-1.0.3.tgz?rbtorrent=d27ee558e50b9ed57445f731d176aea0c42859fd",
      "integrity": "sha512-ZQBvi1DcpJ4GDqanjucZ2Hj3wEO5pZDS89BWbkcrvdxksJorwUDDZamX9ldFkp9aw2lmBDLgkObEA4DWNJ9FYQ=="
    },
    "debug": {
      "version": "4.3.2",
      "resolved": "https://npm.yandex-team.ru/debug/-/debug-4.3.2.tgz?rbtorrent=3f842e574db131056405dff9ec813348375cb9ec",
      "integrity": "sha512-mOp8wKcvj7XxC78zLgw/ZA+6TSgkoE2C/ienthhRD298T7UNwAg9diBpLRxC0mOezLl4B0xV7M0cCO6P/O0Xhw==",
      "requires": {
        "ms": "2.1.2"
      }
    },
    "depd": {
      "version": "1.1.2",
      "resolved": "https://npm.yandex-team.ru/depd/-/depd-1.1.2.tgz?rbtorrent=0a6aefaeb612e3299120efae6cb484897030a751",
      "integrity": "sha1-m81S4UwJd2PnSbJ0xDRu0uVgtak="
    },
    "destroy": {
      "version": "1.0.4",
      "resolved": "https://npm.yandex-team.ru/destroy/-/destroy-1.0.4.tgz?rbtorrent=d2fb0d4181cbc73e52bd4ead7fe32f2eedcf59d6",
      "integrity": "sha1-l4hXRCxEdJ5CBmE+N5RiBYJqvYA="
    },
    "dicer": {
      "version": "0.2.5",
      "resolved": "https://npm.yandex-team.ru/dicer/-/dicer-0.2.5.tgz?rbtorrent=0a1ada772dd9f5369f435715cce02a3d850df5a0",
      "integrity": "sha1-WZbAhrszIYyBLAkL3cCc0S+stw8=",
      "requires": {
        "readable-stream": "1.1.x",
        "streamsearch": "0.1.2"
      }
    },
    "doctypes": {
      "version": "1.1.0",
      "resolved": "https://npm.yandex-team.ru/doctypes/-/doctypes-1.1.0.tgz?rbtorrent=90faad3d6e0bade0740a6bd205a75733889fba83",
      "integrity": "sha1-6oCxBqh1OHdOijpKWv4pPeSJ4Kk="
    },
    "ee-first": {
      "version": "1.1.1",
      "resolved": "https://npm.yandex-team.ru/ee-first/-/ee-first-1.1.1.tgz?rbtorrent=b33e875b5c9b99376469b3d4fc2448b418091933",
      "integrity": "sha1-WQxhFWsK4vTwJVcyoViyZrxWsh0="
    },
    "encodeurl": {
      "version": "1.0.2",
      "resolved": "https://npm.yandex-team.ru/encodeurl/-/encodeurl-1.0.2.tgz?rbtorrent=2ee1d518c4b14b1d485befc7a1100de1702f4015",
      "integrity": "sha1-rT/0yG7C0CkyL1oCw6mmBslbP1k="
    },
    "escape-html": {
      "version": "1.0.3",
      "resolved": "https://npm.yandex-team.ru/escape-html/-/escape-html-1.0.3.tgz?rbtorrent=3eff6d8634dc1ec132c806f38441e2118d1a2964",
      "integrity": "sha1-Aljq5NPQwJdN4cFpGI7wBR0dGYg="
    },
    "etag": {
      "version": "1.8.1",
      "resolved": "https://npm.yandex-team.ru/etag/-/etag-1.8.1.tgz?rbtorrent=2f3ff4ae5ba58604fad50c32ca223b29bd8561a6",
      "integrity": "sha1-Qa4u62XvpiJorr/qg6x9eSmbCIc="
    },
    "express": {
      "version": "4.17.1",
      "resolved": "https://npm.yandex-team.ru/express/-/express-4.17.1.tgz?rbtorrent=012521f972a42867d6f05d9ea239850f7dc8587b",
      "integrity": "sha512-mHJ9O79RqluphRrcw2X/GTh3k9tVv8YcoyY4Kkh4WDMUYKRZUq0h1o0w2rrrxBqM7VoeUVqgb27xlEMXTnYt4g==",
      "requires": {
        "accepts": "~1.3.7",
        "array-flatten": "1.1.1",
        "body-parser": "1.19.0",
        "content-disposition": "0.5.3",
        "content-type": "~1.0.4",
        "cookie": "0.4.0",
        "cookie-signature": "1.0.6",
        "debug": "2.6.9",
        "depd": "~1.1.2",
        "encodeurl": "~1.0.2",
        "escape-html": "~1.0.3",
        "etag": "~1.8.1",
        "finalhandler": "~1.1.2",
        "fresh": "0.5.2",
        "merge-descriptors": "1.0.1",
        "methods": "~1.1.2",
        "on-finished": "~2.3.0",
        "parseurl": "~1.3.3",
        "path-to-regexp": "0.1.7",
        "proxy-addr": "~2.0.5",
        "qs": "6.7.0",
        "range-parser": "~1.2.1",
        "safe-buffer": "5.1.2",
        "send": "0.17.1",
        "serve-static": "1.14.1",
        "setprototypeof": "1.1.1",
        "statuses": "~1.5.0",
        "type-is": "~1.6.18",
        "utils-merge": "1.0.1",
        "vary": "~1.1.2"
      },
      "dependencies": {
        "cookie": {
          "version": "0.4.0",
          "resolved": "https://npm.yandex-team.ru/cookie/-/cookie-0.4.0.tgz?rbtorrent=a7290807f7277ad38fabfa9126320e1095844d41",
          "integrity": "sha512-+Hp8fLp57wnUSt0tY0tHEXh4voZRDnoIrZPqlo3DPiI4y9lwg/jqx+1Om94/W6ZaPDOUbnjOt/99w66zk+l1Xg=="
        },
        "debug": {
          "version": "2.6.9",
          "resolved": "https://npm.yandex-team.ru/debug/-/debug-2.6.9.tgz?rbtorrent=b02284ec84efd1aee23ff49704863922a0155cb1",
          "integrity": "sha512-bC7ElrdJaJnPbAP+1EotYvqZsb3ecl5wi6Bfi6BJTUcNowp6cvspg0jXznRTKDjm/E7AdgFBVeAPVMNcKGsHMA==",
          "requires": {
            "ms": "2.0.0"
          }
        },
        "ms": {
          "version": "2.0.0",
          "resolved": "https://npm.yandex-team.ru/ms/-/ms-2.0.0.tgz?rbtorrent=b9c1399c483ed1bf4d9fff8735579b86c77001f8",
          "integrity": "sha1-VgiurfwAvmwpAd9fmGF4jeDVl8g="
        }
      }
    },
    "finalhandler": {
      "version": "1.1.2",
      "resolved": "https://npm.yandex-team.ru/finalhandler/-/finalhandler-1.1.2.tgz?rbtorrent=ce9bf5349ecd0906b66195cd55fb9a150506601e",
      "integrity": "sha512-aAWcW57uxVNrQZqFXjITpW3sIUQmHGG3qSb9mUah9MgMC4NeWhNOlNjXEYq3HjRAvL6arUviZGGJsBg6z0zsWA==",
      "requires": {
        "debug": "2.6.9",
        "encodeurl": "~1.0.2",
        "escape-html": "~1.0.3",
        "on-finished": "~2.3.0",
        "parseurl": "~1.3.3",
        "statuses": "~1.5.0",
        "unpipe": "~1.0.0"
      },
      "dependencies": {
        "debug": {
          "version": "2.6.9",
          "resolved": "https://npm.yandex-team.ru/debug/-/debug-2.6.9.tgz?rbtorrent=b02284ec84efd1aee23ff49704863922a0155cb1",
          "integrity": "sha512-bC7ElrdJaJnPbAP+1EotYvqZsb3ecl5wi6Bfi6BJTUcNowp6cvspg0jXznRTKDjm/E7AdgFBVeAPVMNcKGsHMA==",
          "requires": {
            "ms": "2.0.0"
          }
        },
        "ms": {
          "version": "2.0.0",
          "resolved": "https://npm.yandex-team.ru/ms/-/ms-2.0.0.tgz?rbtorrent=b9c1399c483ed1bf4d9fff8735579b86c77001f8",
          "integrity": "sha1-VgiurfwAvmwpAd9fmGF4jeDVl8g="
        }
      }
    },
    "forwarded": {
      "version": "0.2.0",
      "resolved": "https://npm.yandex-team.ru/forwarded/-/forwarded-0.2.0.tgz?rbtorrent=aa99adefc655551b3a910c3330f84e0ba95ab389",
      "integrity": "sha512-buRG0fpBtRHSTCOASe6hD258tEubFoRLb4ZNA6NxMVHNw2gOcwHo9wyablzMzOA5z9xA9L1KNjk/Nt6MT9aYow=="
    },
    "fresh": {
      "version": "0.5.2",
      "resolved": "https://npm.yandex-team.ru/fresh/-/fresh-0.5.2.tgz?rbtorrent=[object%20Object]",
      "integrity": "sha1-PYyt2Q2XZWn6g1qx+OSyOhBWBac="
    },
    "function-bind": {
      "version": "1.1.1",
      "resolved": "https://npm.yandex-team.ru/function-bind/-/function-bind-1.1.1.tgz?rbtorrent=d51f2cedcc9135cfa47aebbdfa468ef8e567f9c1",
      "integrity": "sha512-yIovAzMX49sF8Yl58fSCWJ5svSLuaibPxXQJFLmBObTuCr0Mf1KiPopGM9NiFjiYBCbfaa2Fh6breQ6ANVTI0A=="
    },
    "get-intrinsic": {
      "version": "1.1.1",
      "resolved": "https://npm.yandex-team.ru/get-intrinsic/-/get-intrinsic-1.1.1.tgz?rbtorrent=878ba02a5b2616a58c83a6fa42c0dcd3cb1de132",
      "integrity": "sha512-kWZrnVM42QCiEA2Ig1bG8zjoIMOgxWwYCEeNdwY6Tv/cOSeGpcoX4pXHfKUxNKVoArnrEr2e9srnAxxGIraS9Q==",
      "requires": {
        "function-bind": "^1.1.1",
        "has": "^1.0.3",
        "has-symbols": "^1.0.1"
      }
    },
    "has": {
      "version": "1.0.3",
      "resolved": "https://npm.yandex-team.ru/has/-/has-1.0.3.tgz?rbtorrent=07557f1735ac1eb7a38a879047ad0dddf0187bdb",
      "integrity": "sha512-f2dvO0VU6Oej7RkWJGrehjbzMAjFp5/VKPp5tTpWIV4JHHZK1/BxbFRtf/siA2SWTe09caDmVtYYzWEIbBS4zw==",
      "requires": {
        "function-bind": "^1.1.1"
      }
    },
    "has-symbols": {
      "version": "1.0.2",
      "resolved": "https://npm.yandex-team.ru/has-symbols/-/has-symbols-1.0.2.tgz?rbtorrent=5ea7c273ce68ecbc85cb06a61ebb56bb5f0fe216",
      "integrity": "sha512-chXa79rL/UC2KlX17jo3vRGz0azaWEx5tGqZg5pO3NUyEJVB17dMruQlzCCOfUvElghKcm5194+BCRvi2Rv/Gw=="
    },
    "has-tostringtag": {
      "version": "1.0.0",
      "resolved": "http://npm.yandex-team.ru/has-tostringtag/-/has-tostringtag-1.0.0.tgz?rbtorrent=c3f5250a0016a014b6b59e486411a3ff0f25d982",
      "integrity": "sha512-kFjcSNhnlGV1kyoGk7OXKSawH5JOb/LzUc5w9B02hOTO0dfFRjbHQKvg1d6cf3HbeUmtU9VbbV3qzZ2Teh97WQ==",
      "requires": {
        "has-symbols": "^1.0.2"
      }
    },
    "http-errors": {
      "version": "1.8.1",
      "resolved": "https://npm.yandex-team.ru/http-errors/-/http-errors-1.8.1.tgz?rbtorrent=2533f70fe27ecc1fd9dbf52aa05a6d6abacd11b4",
      "integrity": "sha512-Kpk9Sm7NmI+RHhnj6OIWDI1d6fIoFAtFt9RLaTMRlg/8w49juAStsrBgp0Dp4OdxdVbRIeKhtCUvoi/RuAhO4g==",
      "requires": {
        "depd": "~1.1.2",
        "inherits": "2.0.4",
        "setprototypeof": "1.2.0",
        "statuses": ">= 1.5.0 < 2",
        "toidentifier": "1.0.1"
      },
      "dependencies": {
        "inherits": {
          "version": "2.0.4",
          "resolved": "https://npm.yandex-team.ru/inherits/-/inherits-2.0.4.tgz?rbtorrent=6d3c5e553faab1c5a0e5657d5f75d80d275fddbe",
          "integrity": "sha512-k/vGaX4/Yla3WzyMCvTQOXYeIHvqOKtnqBduzTHpzpQZzAskKMhZ2K+EnBiSM9zGSoIFeMpXKxa4dYeZIQqewQ=="
        },
        "setprototypeof": {
          "version": "1.2.0",
          "resolved": "https://npm.yandex-team.ru/setprototypeof/-/setprototypeof-1.2.0.tgz?rbtorrent=639214bef3d5c2047ec9150a2c6982dc65fef215",
          "integrity": "sha512-E5LDX7Wrp85Kil5bhZv46j8jOeboKq5JMmYM3gVGdGH8xFpPWXUMsNrlODCrkoxMEeNi/XZIwuRvY4XNwYMJpw=="
        },
        "toidentifier": {
          "version": "1.0.1",
          "resolved": "https://npm.yandex-team.ru/toidentifier/-/toidentifier-1.0.1.tgz?rbtorrent=9f32d166d5476ef5bc672790eadb9a23aad1dbf9",
          "integrity": "sha512-o5sSPKEkg/DIQNmH43V0/uerLrpzVedkUh8tGNvaeXpfpuwjKenlSox/2O/BTlZUtEe+JG7s5YhEz608PlAHRA=="
        }
      }
    },
    "iconv": {
      "version": "3.0.1",
      "resolved": "https://npm.yandex-team.ru/iconv/-/iconv-3.0.1.tgz?rbtorrent=6c772f25d1c538d0b76ba762710ad312df357092",
      "integrity": "sha512-lJnFLxVc0d82R7GfU7a9RujKVUQ3Eee19tPKWZWBJtAEGRHVEyFzCtbNl3GPKuDnHBBRT4/nDS4Ru9AIDT72qA=="
    },
    "iconv-lite": {
      "version": "0.4.24",
      "resolved": "https://npm.yandex-team.ru/iconv-lite/-/iconv-lite-0.4.24.tgz?rbtorrent=2ec00ef967690f177de91a2f3365b5c843bf8f3e",
      "integrity": "sha512-v3MXnZAcvnywkTUEZomIActle7RXXeedOR31wwl7VlyoXO4Qi9arvSenNQWne1TcRwhCL1HwLI21bEqdpj8/rA==",
      "requires": {
        "safer-buffer": ">= 2.1.2 < 3"
      }
    },
    "inherits": {
      "version": "2.0.3",
      "resolved": "https://npm.yandex-team.ru/inherits/-/inherits-2.0.3.tgz?rbtorrent=e1990ee430bec5f2bce149c7fb6d0b4b0cbb30b5",
      "integrity": "sha1-Yzwsg+PaQqUC9SRmAiSA9CCCYd4="
    },
    "ipaddr.js": {
      "version": "1.9.1",
      "resolved": "https://npm.yandex-team.ru/ipaddr.js/-/ipaddr.js-1.9.1.tgz?rbtorrent=d8bc541cf956f870b225ecf9f62f233f6431d4e4",
      "integrity": "sha512-0KI/607xoxSToH7GjN1FfSbLoU0+btTicjsQSWQlh/hZykN8KpmMf7uYwPW3R+akZ6R/w18ZlXSHBYXiYUPO3g=="
    },
    "is-core-module": {
      "version": "2.8.0",
      "resolved": "https://npm.yandex-team.ru/is-core-module/-/is-core-module-2.8.0.tgz?rbtorrent=aacce013548fe9474990d84b86e14cf88c588489",
      "integrity": "sha512-vd15qHsaqrRL7dtH6QNuy0ndJmRDrS9HAM1CAiSifNUFv4x1a0CCVsj18hJ1mShxIG6T2i1sO78MkP56r0nYRw==",
      "requires": {
        "has": "^1.0.3"
      }
    },
    "is-expression": {
      "version": "4.0.0",
      "resolved": "http://npm.yandex-team.ru/is-expression/-/is-expression-4.0.0.tgz?rbtorrent=031a909bf220cd41cfa92938afca12e2e0f0410b",
      "integrity": "sha512-zMIXX63sxzG3XrkHkrAPvm/OVZVSCPNkwMHU8oTX7/U3AL78I0QXCEICXUM13BIa8TYGZ68PiTKfQz3yaTNr4A==",
      "requires": {
        "acorn": "^7.1.1",
        "object-assign": "^4.1.1"
      }
    },
    "is-promise": {
      "version": "2.2.2",
      "resolved": "http://npm.yandex-team.ru/is-promise/-/is-promise-2.2.2.tgz?rbtorrent=696b3d668fb826b5a5942cee8cdae16c8b888c5e",
      "integrity": "sha512-+lP4/6lKUBfQjZ2pdxThZvLUAafmZb8OAxFb8XXtiQmS35INgr85hdOGoEs124ez1FCnZJt6jau/T+alh58QFQ=="
    },
    "is-regex": {
      "version": "1.1.4",
      "resolved": "https://npm.yandex-team.ru/is-regex/-/is-regex-1.1.4.tgz?rbtorrent=ddb1b55b914d404183508e1a099872c94131a5e8",
      "integrity": "sha512-kvRdxDsxZjhzUX07ZnLydzS1TU/TJlTUHHY4YLL87e37oUA49DfkLqgy+VjFocowy29cKvcSiu+kIv728jTTVg==",
      "requires": {
        "call-bind": "^1.0.2",
        "has-tostringtag": "^1.0.0"
      }
    },
    "isarray": {
      "version": "0.0.1",
      "resolved": "https://npm.yandex-team.ru/isarray/-/isarray-0.0.1.tgz?rbtorrent=03495802deeebf1bf29919bd221d5de87ef336c0",
      "integrity": "sha1-ihis/Kmo9Bd+Cav8YDiTmwXR7t8="
    },
    "js-stringify": {
      "version": "1.0.2",
      "resolved": "https://npm.yandex-team.ru/js-stringify/-/js-stringify-1.0.2.tgz?rbtorrent=351aff7987e26f53dcd652082e1eb54e60a73b21",
      "integrity": "sha1-Fzb939lyTyijaCrcYjCufk6Weds="
    },
    "jstransformer": {
      "version": "1.0.0",
      "resolved": "https://npm.yandex-team.ru/jstransformer/-/jstransformer-1.0.0.tgz?rbtorrent=74fc79fbcf111364e143f90880cf326d7071198e",
      "integrity": "sha1-7Yvwkh4vPx7U1cGkT2hwntJHIsM=",
      "requires": {
        "is-promise": "^2.0.0",
        "promise": "^7.0.1"
      }
    },
    "media-typer": {
      "version": "0.3.0",
      "resolved": "https://npm.yandex-team.ru/media-typer/-/media-typer-0.3.0.tgz?rbtorrent=9b7ee58e7e88a03f8f10c81220d0de520b216f82",
      "integrity": "sha1-hxDXrwqmJvj/+hzgAWhUUmMlV0g="
    },
    "merge-descriptors": {
      "version": "1.0.1",
      "resolved": "https://npm.yandex-team.ru/merge-descriptors/-/merge-descriptors-1.0.1.tgz?rbtorrent=f663b5e1b0d1627ac9e616f3c5b7dda56f9156a6",
      "integrity": "sha1-sAqqVW3YtEVoFQ7J0blT8/kMu2E="
    },
    "methods": {
      "version": "1.1.2",
      "resolved": "https://npm.yandex-team.ru/methods/-/methods-1.1.2.tgz?rbtorrent=d24a15e2ab3b2bb67bae70d2244d434c93695b3d",
      "integrity": "sha1-VSmk1nZUE07cxSZmVoNbD4Ua/O4="
    },
    "mime": {
      "version": "1.6.0",
      "resolved": "https://npm.yandex-team.ru/mime/-/mime-1.6.0.tgz?rbtorrent=2e4f9e69f07040a5800dfea8e3d043e637d69b02",
      "integrity": "sha512-x0Vn8spI+wuJ1O6S7gnbaQg8Pxh4NNHb7KSINmEWKiPE4RKOplvijn+NkmYmmRgP68mc70j2EbeTFRsrswaQeg=="
    },
    "mime-db": {
      "version": "1.51.0",
      "resolved": "https://npm.yandex-team.ru/mime-db/-/mime-db-1.51.0.tgz?rbtorrent=8a8eaa16ff15135caa7bfcbec27c5440096521ec",
      "integrity": "sha512-5y8A56jg7XVQx2mbv1lu49NR4dokRnhZYTtL+KGfaa27uq4pSTXkwQkFJl4pkRMyNFz/EtYDSkiiEHx3F7UN6g=="
    },
    "mime-types": {
      "version": "2.1.34",
      "resolved": "https://npm.yandex-team.ru/mime-types/-/mime-types-2.1.34.tgz?rbtorrent=8a25a8ecce4c73804945341bb8c1144bae70b914",
      "integrity": "sha512-6cP692WwGIs9XXdOO4++N+7qjqv0rqxxVvJ3VHPh/Sc9mVZcQP+ZGhkKiTvWMQRr2tbHkJP/Yn7Y0npb3ZBs4A==",
      "requires": {
        "mime-db": "1.51.0"
      }
    },
    "minimist": {
      "version": "1.2.5",
      "resolved": "https://npm.yandex-team.ru/minimist/-/minimist-1.2.5.tgz?rbtorrent=d177ecf8bc0475c4b5713dde5520e90dc38ac8a3",
      "integrity": "sha512-FM9nNUYrRBAELZQT3xeZQ7fmMOBg6nWNmJKTcgsJeaLstP/UODVpGsr5OhXhhXg6f+qtJ8uiZ+PUxkDWcgIXLw=="
    },
    "mkdirp": {
      "version": "0.5.5",
      "resolved": "https://npm.yandex-team.ru/mkdirp/-/mkdirp-0.5.5.tgz?rbtorrent=764ae35084a3a4adc3b6568010da331b8ddb5c4f",
      "integrity": "sha512-NKmAlESf6jMGym1++R0Ra7wvhV+wFW63FaSOFPwRahvea0gMUcGUhVeAg/0BC0wiv9ih5NYPB1Wn1UEI1/L+xQ==",
      "requires": {
        "minimist": "^1.2.5"
      }
    },
    "morgan": {
      "version": "1.10.0",
      "resolved": "https://npm.yandex-team.ru/morgan/-/morgan-1.10.0.tgz?rbtorrent=5a6823efad3e1c3f45f6e9bed67a22cd0d5bb29f",
      "integrity": "sha512-AbegBVI4sh6El+1gNwvD5YIck7nSA36weD7xvIxG4in80j/UoK8AEGaWnnz8v1GxonMCltmlNs5ZKbGvl9b1XQ==",
      "requires": {
        "basic-auth": "~2.0.1",
        "debug": "2.6.9",
        "depd": "~2.0.0",
        "on-finished": "~2.3.0",
        "on-headers": "~1.0.2"
      },
      "dependencies": {
        "debug": {
          "version": "2.6.9",
          "resolved": "https://npm.yandex-team.ru/debug/-/debug-2.6.9.tgz?rbtorrent=b02284ec84efd1aee23ff49704863922a0155cb1",
          "integrity": "sha512-bC7ElrdJaJnPbAP+1EotYvqZsb3ecl5wi6Bfi6BJTUcNowp6cvspg0jXznRTKDjm/E7AdgFBVeAPVMNcKGsHMA==",
          "requires": {
            "ms": "2.0.0"
          }
        },
        "depd": {
          "version": "2.0.0",
          "resolved": "https://npm.yandex-team.ru/depd/-/depd-2.0.0.tgz?rbtorrent=3d4658af3ff6b387cafddbf392c741a82c7f76e0",
          "integrity": "sha512-g7nH6P6dyDioJogAAGprGpCtVImJhpPk/roCzdb3fIh61/s/nPsfR6onyMwkCAR/OlC3yBC0lESvUoQEAssIrw=="
        },
        "ms": {
          "version": "2.0.0",
          "resolved": "https://npm.yandex-team.ru/ms/-/ms-2.0.0.tgz?rbtorrent=b9c1399c483ed1bf4d9fff8735579b86c77001f8",
          "integrity": "sha1-VgiurfwAvmwpAd9fmGF4jeDVl8g="
        }
      }
    },
    "ms": {
      "version": "2.1.2",
      "resolved": "https://npm.yandex-team.ru/ms/-/ms-2.1.2.tgz?rbtorrent=269d2b1e4b633a2572e485adbd93b4085872ffe0",
      "integrity": "sha512-sGkPx+VjMtmA6MX27oA4FBFELFCZZ4S4XqeGOXCv68tT+jb3vk/RyaKWP0PTKyWtmLSM0b+adUTEvbs1PEaH2w=="
    },
    "multer": {
      "version": "1.4.3",
      "resolved": "https://npm.yandex-team.ru/multer/-/multer-1.4.3.tgz?rbtorrent=58611f227ab1d9ff5e2834fea2ba4282c6c733a0",
      "integrity": "sha512-np0YLKncuZoTzufbkM6wEKp68EhWJXcU6fq6QqrSwkckd2LlMgd1UqhUJLj6NS/5sZ8dE8LYDWslsltJznnXlg==",
      "requires": {
        "append-field": "^1.0.0",
        "busboy": "^0.2.11",
        "concat-stream": "^1.5.2",
        "mkdirp": "^0.5.4",
        "object-assign": "^4.1.1",
        "on-finished": "^2.3.0",
        "type-is": "^1.6.4",
        "xtend": "^4.0.0"
      }
    },
    "negotiator": {
      "version": "0.6.2",
      "resolved": "https://npm.yandex-team.ru/negotiator/-/negotiator-0.6.2.tgz?rbtorrent=09cb1c607ff762ab2698f61da9c86aeea4765c59",
      "integrity": "sha512-hZXc7K2e+PgeI1eDBe/10Ard4ekbfrrqG8Ep+8Jmf4JID2bNg7NvCPOZN+kfF574pFQI7mum2AUqDidoKqcTOw=="
    },
    "node-ts": {
      "version": "5.1.2",
      "resolved": "http://npm.yandex-team.ru/node-ts/-/node-ts-5.1.2.tgz?rbtorrent=b870e8ee1d69057c0db116bbc1a0797eef2fb01d",
      "integrity": "sha512-ihRzS31ZbknFzXFkF4j9R3HJV1cRPTjyYzeRaEFyXv5DhWKGD+QNTJ+My5WiOc0kozEPjwRBsKh+g92hPyTNnQ==",
      "requires": {
        "@rauschma/stringio": "^1.4.0",
        "@types/node": "^16.4.13"
      }
    },
    "object-assign": {
      "version": "4.1.1",
      "resolved": "https://npm.yandex-team.ru/object-assign/-/object-assign-4.1.1.tgz?rbtorrent=1109a3223e8668f3df1924224b612e45b41d031b",
      "integrity": "sha1-IQmtx5ZYh8/AXLvUQsrIv7s2CGM="
    },
    "on-finished": {
      "version": "2.3.0",
      "resolved": "https://npm.yandex-team.ru/on-finished/-/on-finished-2.3.0.tgz?rbtorrent=57d75759ee2c39e435f5189790dee6e9f6aeb429",
      "integrity": "sha1-IPEzZIGwg811M3mSoWlxqi2QaUc=",
      "requires": {
        "ee-first": "1.1.1"
      }
    },
    "on-headers": {
      "version": "1.0.2",
      "resolved": "https://npm.yandex-team.ru/on-headers/-/on-headers-1.0.2.tgz?rbtorrent=47bb798539cef8fc41d43270a2acd9225ab68fdb",
      "integrity": "sha512-pZAE+FJLoyITytdqK0U5s+FIpjN0JP3OzFi/u8Rx+EV5/W+JTWGXG8xFzevE7AjBfDqHv/8vL8qQsIhHnqRkrA=="
    },
    "parseurl": {
      "version": "1.3.3",
      "resolved": "https://npm.yandex-team.ru/parseurl/-/parseurl-1.3.3.tgz?rbtorrent=74e53669c6396757fbc109ac7301a45910bbde3b",
      "integrity": "sha512-CiyeOxFT/JZyN5m0z9PfXw4SCBJ6Sygz1Dpl0wqjlhDEGGBP1GnsUVEL0p63hoG1fcj3fHynXi9NYO4nWOL+qQ=="
    },
    "path-parse": {
      "version": "1.0.7",
      "resolved": "https://npm.yandex-team.ru/path-parse/-/path-parse-1.0.7.tgz?rbtorrent=efa99f9ac82e715695b40043c7265c75a28e6096",
      "integrity": "sha512-LDJzPVEEEPR+y48z93A0Ed0yXb8pAByGWo/k5YYdYgpY2/2EsOsksJrq7lOHxryrVOn1ejG6oAp8ahvOIQD8sw=="
    },
    "path-to-regexp": {
      "version": "0.1.7",
      "resolved": "https://npm.yandex-team.ru/path-to-regexp/-/path-to-regexp-0.1.7.tgz?rbtorrent=6c268849b3cab559f2728004e075dee4b386472b",
      "integrity": "sha1-32BBeABfUi8V60SQ5yR6G/qmf4w="
    },
    "process-nextick-args": {
      "version": "2.0.1",
      "resolved": "https://npm.yandex-team.ru/process-nextick-args/-/process-nextick-args-2.0.1.tgz?rbtorrent=7a84ce01bdc2c09524155240448d145a2305acc9",
      "integrity": "sha512-3ouUOpQhtgrbOa17J7+uxOTpITYWaGP7/AhoR3+A+/1e9skrzelGi/dXzEYyvbxubEF6Wn2ypscTKiKJFFn1ag=="
    },
    "promise": {
      "version": "7.3.1",
      "resolved": "https://npm.yandex-team.ru/promise/-/promise-7.3.1.tgz?rbtorrent=b29b8b0f44bb64f157d22c7f9b5f0e48bdf470f3",
      "integrity": "sha512-nolQXZ/4L+bP/UGlkfaIujX9BKxGwmQ9OT4mOt5yvy8iK1h3wqTEJCijzGANTCCl9nWjY41juyAn2K3Q1hLLTg==",
      "requires": {
        "asap": "~2.0.3"
      }
    },
    "proxy-addr": {
      "version": "2.0.7",
      "resolved": "https://npm.yandex-team.ru/proxy-addr/-/proxy-addr-2.0.7.tgz?rbtorrent=6c64bc6ff1aff5df16de0f1fbfdb7018fd308903",
      "integrity": "sha512-llQsMLSUDUPT44jdrU/O37qlnifitDP+ZwrmmZcoSKyLKvtZxpyV0n2/bD/N4tBAAZ/gJEdZU7KMraoK1+XYAg==",
      "requires": {
        "forwarded": "0.2.0",
        "ipaddr.js": "1.9.1"
      }
    },
    "pug": {
      "version": "3.0.2",
      "resolved": "https://npm.yandex-team.ru/pug/-/pug-3.0.2.tgz?rbtorrent=bf963f1ef5ffaa320a14157e07facff6b7b09b62",
      "integrity": "sha512-bp0I/hiK1D1vChHh6EfDxtndHji55XP/ZJKwsRqrz6lRia6ZC2OZbdAymlxdVFwd1L70ebrVJw4/eZ79skrIaw==",
      "requires": {
        "pug-code-gen": "^3.0.2",
        "pug-filters": "^4.0.0",
        "pug-lexer": "^5.0.1",
        "pug-linker": "^4.0.0",
        "pug-load": "^3.0.0",
        "pug-parser": "^6.0.0",
        "pug-runtime": "^3.0.1",
        "pug-strip-comments": "^2.0.0"
      }
    },
    "pug-attrs": {
      "version": "3.0.0",
      "resolved": "https://npm.yandex-team.ru/pug-attrs/-/pug-attrs-3.0.0.tgz?rbtorrent=7dad52998771e8afb14dc339cda1c767d90db1c3",
      "integrity": "sha512-azINV9dUtzPMFQktvTXciNAfAuVh/L/JCl0vtPCwvOA21uZrC08K/UnmrL+SXGEVc1FwzjW62+xw5S/uaLj6cA==",
      "requires": {
        "constantinople": "^4.0.1",
        "js-stringify": "^1.0.2",
        "pug-runtime": "^3.0.0"
      }
    },
    "pug-code-gen": {
      "version": "3.0.2",
      "resolved": "https://npm.yandex-team.ru/pug-code-gen/-/pug-code-gen-3.0.2.tgz?rbtorrent=b4cc007e707a9ad45a05021425ec86b13e387c93",
      "integrity": "sha512-nJMhW16MbiGRiyR4miDTQMRWDgKplnHyeLvioEJYbk1RsPI3FuA3saEP8uwnTb2nTJEKBU90NFVWJBk4OU5qyg==",
      "requires": {
        "constantinople": "^4.0.1",
        "doctypes": "^1.1.0",
        "js-stringify": "^1.0.2",
        "pug-attrs": "^3.0.0",
        "pug-error": "^2.0.0",
        "pug-runtime": "^3.0.0",
        "void-elements": "^3.1.0",
        "with": "^7.0.0"
      }
    },
    "pug-error": {
      "version": "2.0.0",
      "resolved": "https://npm.yandex-team.ru/pug-error/-/pug-error-2.0.0.tgz?rbtorrent=0b17d3ad28afee50003004c9f205d7f79795aa64",
      "integrity": "sha512-sjiUsi9M4RAGHktC1drQfCr5C5eriu24Lfbt4s+7SykztEOwVZtbFk1RRq0tzLxcMxMYTBR+zMQaG07J/btayQ=="
    },
    "pug-filters": {
      "version": "4.0.0",
      "resolved": "https://npm.yandex-team.ru/pug-filters/-/pug-filters-4.0.0.tgz?rbtorrent=0bdd9e24105cda84a4c51e9a221f3e1935872636",
      "integrity": "sha512-yeNFtq5Yxmfz0f9z2rMXGw/8/4i1cCFecw/Q7+D0V2DdtII5UvqE12VaZ2AY7ri6o5RNXiweGH79OCq+2RQU4A==",
      "requires": {
        "constantinople": "^4.0.1",
        "jstransformer": "1.0.0",
        "pug-error": "^2.0.0",
        "pug-walk": "^2.0.0",
        "resolve": "^1.15.1"
      }
    },
    "pug-lexer": {
      "version": "5.0.1",
      "resolved": "http://npm.yandex-team.ru/pug-lexer/-/pug-lexer-5.0.1.tgz?rbtorrent=4f88b93d89201d910ce2f6a879b43dd8dc19fb92",
      "integrity": "sha512-0I6C62+keXlZPZkOJeVam9aBLVP2EnbeDw3An+k0/QlqdwH6rv8284nko14Na7c0TtqtogfWXcRoFE4O4Ff20w==",
      "requires": {
        "character-parser": "^2.2.0",
        "is-expression": "^4.0.0",
        "pug-error": "^2.0.0"
      }
    },
    "pug-linker": {
      "version": "4.0.0",
      "resolved": "https://npm.yandex-team.ru/pug-linker/-/pug-linker-4.0.0.tgz?rbtorrent=54bb9bea7635c6ee2a6ea2cb2807c90ba4fb907d",
      "integrity": "sha512-gjD1yzp0yxbQqnzBAdlhbgoJL5qIFJw78juN1NpTLt/mfPJ5VgC4BvkoD3G23qKzJtIIXBbcCt6FioLSFLOHdw==",
      "requires": {
        "pug-error": "^2.0.0",
        "pug-walk": "^2.0.0"
      }
    },
    "pug-load": {
      "version": "3.0.0",
      "resolved": "https://npm.yandex-team.ru/pug-load/-/pug-load-3.0.0.tgz?rbtorrent=331b7a15749e4a90634b734f2eeae5cbb7ef3629",
      "integrity": "sha512-OCjTEnhLWZBvS4zni/WUMjH2YSUosnsmjGBB1An7CsKQarYSWQ0GCVyd4eQPMFJqZ8w9xgs01QdiZXKVjk92EQ==",
      "requires": {
        "object-assign": "^4.1.1",
        "pug-walk": "^2.0.0"
      }
    },
    "pug-parser": {
      "version": "6.0.0",
      "resolved": "https://npm.yandex-team.ru/pug-parser/-/pug-parser-6.0.0.tgz?rbtorrent=4bcc0bd680c4daa2f64947d6f248d2f2288fce7c",
      "integrity": "sha512-ukiYM/9cH6Cml+AOl5kETtM9NR3WulyVP2y4HOU45DyMim1IeP/OOiyEWRr6qk5I5klpsBnbuHpwKmTx6WURnw==",
      "requires": {
        "pug-error": "^2.0.0",
        "token-stream": "1.0.0"
      }
    },
    "pug-runtime": {
      "version": "3.0.1",
      "resolved": "https://npm.yandex-team.ru/pug-runtime/-/pug-runtime-3.0.1.tgz?rbtorrent=e38c149550f881c10a0e755bfe3a9e5052d778b8",
      "integrity": "sha512-L50zbvrQ35TkpHwv0G6aLSuueDRwc/97XdY8kL3tOT0FmhgG7UypU3VztfV/LATAvmUfYi4wNxSajhSAeNN+Kg=="
    },
    "pug-strip-comments": {
      "version": "2.0.0",
      "resolved": "https://npm.yandex-team.ru/pug-strip-comments/-/pug-strip-comments-2.0.0.tgz?rbtorrent=91ee73721fe726a059a185c0d008ca82eccfa3aa",
      "integrity": "sha512-zo8DsDpH7eTkPHCXFeAk1xZXJbyoTfdPlNR0bK7rpOMuhBYb0f5qUVCO1xlsitYd3w5FQTK7zpNVKb3rZoUrrQ==",
      "requires": {
        "pug-error": "^2.0.0"
      }
    },
    "pug-walk": {
      "version": "2.0.0",
      "resolved": "https://npm.yandex-team.ru/pug-walk/-/pug-walk-2.0.0.tgz?rbtorrent=e8941ae9458cfa7efcb1800d7180c45a7c3565f9",
      "integrity": "sha512-yYELe9Q5q9IQhuvqsZNwA5hfPkMJ8u92bQLIMcsMxf/VADjNtEYptU+inlufAFYcWdHlwNfZOEnOOQrZrcyJCQ=="
    },
    "qs": {
      "version": "6.7.0",
      "resolved": "https://npm.yandex-team.ru/qs/-/qs-6.7.0.tgz?rbtorrent=dbb6671c2a560bcd2562e0b978ea0539d24818d9",
      "integrity": "sha512-VCdBRNFTX1fyE7Nb6FYoURo/SPe62QCaAyzJvUjwRaIsc+NePBEniHlvxFmmX56+HZphIGtV0XeCirBtpDrTyQ=="
    },
    "range-parser": {
      "version": "1.2.1",
      "resolved": "https://npm.yandex-team.ru/range-parser/-/range-parser-1.2.1.tgz?rbtorrent=ff745a9bc988d28205171cc44081bb83f3efdbfc",
      "integrity": "sha512-Hrgsx+orqoygnmhFbKaHE6c296J+HTAQXoxEF6gNupROmmGJRoyzfG3ccAveqCBrwr/2yxQ5BVd/GTl5agOwSg=="
    },
    "raw-body": {
      "version": "2.4.0",
      "resolved": "https://npm.yandex-team.ru/raw-body/-/raw-body-2.4.0.tgz?rbtorrent=32e6533e6de963614fea8493062b34a4ed09fc49",
      "integrity": "sha512-4Oz8DUIwdvoa5qMJelxipzi/iJIi40O5cGV1wNYp5hvZP8ZN0T+jiNkL0QepXs+EsQ9XJ8ipEDoiH70ySUJP3Q==",
      "requires": {
        "bytes": "3.1.0",
        "http-errors": "1.7.2",
        "iconv-lite": "0.4.24",
        "unpipe": "1.0.0"
      },
      "dependencies": {
        "http-errors": {
          "version": "1.7.2",
          "resolved": "https://npm.yandex-team.ru/http-errors/-/http-errors-1.7.2.tgz?rbtorrent=b14ddbe938ba638e3505a81cd0ea159cad6edcca",
          "integrity": "sha512-uUQBt3H/cSIVfch6i1EuPNy/YsRSOUBXTVfZ+yR7Zjez3qjBz6i9+i4zjNaoqcoFVI4lQJ5plg63TvGfRSDCRg==",
          "requires": {
            "depd": "~1.1.2",
            "inherits": "2.0.3",
            "setprototypeof": "1.1.1",
            "statuses": ">= 1.5.0 < 2",
            "toidentifier": "1.0.0"
          }
        }
      }
    },
    "readable-stream": {
      "version": "1.1.14",
      "resolved": "https://npm.yandex-team.ru/readable-stream/-/readable-stream-1.1.14.tgz?rbtorrent=4eed7f7a588d11a80af64b6071d2c98d2fbfcead",
      "integrity": "sha1-fPTFTvZI44EwhMY23SB54WbAgdk=",
      "requires": {
        "core-util-is": "~1.0.0",
        "inherits": "~2.0.1",
        "isarray": "0.0.1",
        "string_decoder": "~0.10.x"
      }
    },
    "resolve": {
      "version": "1.20.0",
      "resolved": "https://npm.yandex-team.ru/resolve/-/resolve-1.20.0.tgz?rbtorrent=8852e812038859721238f04505575e667853cb20",
      "integrity": "sha512-wENBPt4ySzg4ybFQW2TT1zMQucPK95HSh/nq2CFTZVOGut2+pQvSsgtda4d26YrYcr067wjbmzOG8byDPBX63A==",
      "requires": {
        "is-core-module": "^2.2.0",
        "path-parse": "^1.0.6"
      }
    },
    "safe-buffer": {
      "version": "5.1.2",
      "resolved": "https://npm.yandex-team.ru/safe-buffer/-/safe-buffer-5.1.2.tgz?rbtorrent=919e175e4a456facb2f9db2e63065c31db36ac10",
      "integrity": "sha512-Gd2UZBJDkXlY7GbJxfsE8/nvKkUEU1G38c1siN6QP6a9PT9MmHB8GnpscSmMJSoF8LOIrt8ud/wPtojys4G6+g=="
    },
    "safer-buffer": {
      "version": "2.1.2",
      "resolved": "https://npm.yandex-team.ru/safer-buffer/-/safer-buffer-2.1.2.tgz?rbtorrent=8450e1c808c8ca9ac90ac8d77f2637cca2522d93",
      "integrity": "sha512-YZo3K82SD7Riyi0E1EQPojLz7kpepnSQI9IyPbHHg1XXXevb5dJI7tpyN2ADxGcQbHG7vcyRHk0cbwqcQriUtg=="
    },
    "send": {
      "version": "0.17.1",
      "resolved": "https://npm.yandex-team.ru/send/-/send-0.17.1.tgz?rbtorrent=e5f15985f4573df6b4c7b9daf3bddab6676d84ab",
      "integrity": "sha512-BsVKsiGcQMFwT8UxypobUKyv7irCNRHk1T0G680vk88yf6LBByGcZJOTJCrTP2xVN6yI+XjPJcNuE3V4fT9sAg==",
      "requires": {
        "debug": "2.6.9",
        "depd": "~1.1.2",
        "destroy": "~1.0.4",
        "encodeurl": "~1.0.2",
        "escape-html": "~1.0.3",
        "etag": "~1.8.1",
        "fresh": "0.5.2",
        "http-errors": "~1.7.2",
        "mime": "1.6.0",
        "ms": "2.1.1",
        "on-finished": "~2.3.0",
        "range-parser": "~1.2.1",
        "statuses": "~1.5.0"
      },
      "dependencies": {
        "debug": {
          "version": "2.6.9",
          "resolved": "https://npm.yandex-team.ru/debug/-/debug-2.6.9.tgz?rbtorrent=b02284ec84efd1aee23ff49704863922a0155cb1",
          "integrity": "sha512-bC7ElrdJaJnPbAP+1EotYvqZsb3ecl5wi6Bfi6BJTUcNowp6cvspg0jXznRTKDjm/E7AdgFBVeAPVMNcKGsHMA==",
          "requires": {
            "ms": "2.0.0"
          },
          "dependencies": {
            "ms": {
              "version": "2.0.0",
              "resolved": "https://npm.yandex-team.ru/ms/-/ms-2.0.0.tgz?rbtorrent=b9c1399c483ed1bf4d9fff8735579b86c77001f8",
              "integrity": "sha1-VgiurfwAvmwpAd9fmGF4jeDVl8g="
            }
          }
        },
        "http-errors": {
          "version": "1.7.3",
          "resolved": "https://npm.yandex-team.ru/http-errors/-/http-errors-1.7.3.tgz?rbtorrent=80f72de094958bca4c0353904b0cbc01165436c4",
          "integrity": "sha512-ZTTX0MWrsQ2ZAhA1cejAwDLycFsd7I7nVtnkT3Ol0aqodaKW+0CTZDQ1uBv5whptCnc8e8HeRRJxRs0kmm/Qfw==",
          "requires": {
            "depd": "~1.1.2",
            "inherits": "2.0.4",
            "setprototypeof": "1.1.1",
            "statuses": ">= 1.5.0 < 2",
            "toidentifier": "1.0.0"
          }
        },
        "inherits": {
          "version": "2.0.4",
          "resolved": "https://npm.yandex-team.ru/inherits/-/inherits-2.0.4.tgz?rbtorrent=6d3c5e553faab1c5a0e5657d5f75d80d275fddbe",
          "integrity": "sha512-k/vGaX4/Yla3WzyMCvTQOXYeIHvqOKtnqBduzTHpzpQZzAskKMhZ2K+EnBiSM9zGSoIFeMpXKxa4dYeZIQqewQ=="
        },
        "ms": {
          "version": "2.1.1",
          "resolved": "https://npm.yandex-team.ru/ms/-/ms-2.1.1.tgz?rbtorrent=da39b55c55c1de2b768a00cbd3ae1c7eee8ee0bd",
          "integrity": "sha512-tgp+dl5cGk28utYktBsrFqA7HKgrhgPsg6Z/EfhWI4gl1Hwq8B/GmY/0oXZ6nF8hDVesS/FpnYaD/kOWhYQvyg=="
        }
      }
    },
    "serve-static": {
      "version": "1.14.1",
      "resolved": "https://npm.yandex-team.ru/serve-static/-/serve-static-1.14.1.tgz?rbtorrent=960e67db0cdbd076a15de54dab371abb1daa809e",
      "integrity": "sha512-JMrvUwE54emCYWlTI+hGrGv5I8dEwmco/00EvkzIIsR7MqrHonbD9pO2MOfFnpFntl7ecpZs+3mW+XbQZu9QCg==",
      "requires": {
        "encodeurl": "~1.0.2",
        "escape-html": "~1.0.3",
        "parseurl": "~1.3.3",
        "send": "0.17.1"
      }
    },
    "setprototypeof": {
      "version": "1.1.1",
      "resolved": "https://npm.yandex-team.ru/setprototypeof/-/setprototypeof-1.1.1.tgz?rbtorrent=286cabd88b719c09b63ad1fd895b01f90cd05dae",
      "integrity": "sha512-JvdAWfbXeIGaZ9cILp38HntZSFSo3mWg6xGcJJsd+d4aRMOqauag1C63dJfDw7OaMYwEbHMOxEZ1lqVRYP2OAw=="
    },
    "statuses": {
      "version": "1.5.0",
      "resolved": "https://npm.yandex-team.ru/statuses/-/statuses-1.5.0.tgz?rbtorrent=82f0103f4c60044da7aacaa5cae250093516482f",
      "integrity": "sha1-Fhx9rBd2Wf2YEfQ3cfqZOBR4Yow="
    },
    "streamsearch": {
      "version": "0.1.2",
      "resolved": "https://npm.yandex-team.ru/streamsearch/-/streamsearch-0.1.2.tgz?rbtorrent=bb5c23c42d63700bf4fe01cd99ba2060e546802e",
      "integrity": "sha1-gIudDlb8Jz2Am6VzOOkpkZoanxo="
    },
    "string_decoder": {
      "version": "0.10.31",
      "resolved": "https://npm.yandex-team.ru/string_decoder/-/string_decoder-0.10.31.tgz?rbtorrent=94cd1f803c59b2c581a3dd3462982cf0d0121fcb",
      "integrity": "sha1-YuIDvEF2bGwoyfyEMB2rHFMQ+pQ="
    },
    "to-fast-properties": {
      "version": "2.0.0",
      "resolved": "https://npm.yandex-team.ru/to-fast-properties/-/to-fast-properties-2.0.0.tgz?rbtorrent=9510e011a9a6b99a9b8eef87cd09723fcd8720b6",
      "integrity": "sha1-3F5pjL0HkmW8c+A3doGk5Og/YW4="
    },
    "toidentifier": {
      "version": "1.0.0",
      "resolved": "https://npm.yandex-team.ru/toidentifier/-/toidentifier-1.0.0.tgz?rbtorrent=3fde493ac82ead54f3cbf6231dd5efc7bdd97c29",
      "integrity": "sha512-yaOH/Pk/VEhBWWTlhI+qXxDFXlejDGcQipMlyxda9nthulaxLZUNcUqFxokp0vcYnvteJln5FNQDRrxj3YcbVw=="
    },
    "token-stream": {
      "version": "1.0.0",
      "resolved": "https://npm.yandex-team.ru/token-stream/-/token-stream-1.0.0.tgz?rbtorrent=0d2fa7dc62f93142f592a170ff9bfd6cb61a4e0a",
      "integrity": "sha1-zCAOqyYT9BZtJ/+a/HylbUnfbrQ="
    },
    "type-is": {
      "version": "1.6.18",
      "resolved": "https://npm.yandex-team.ru/type-is/-/type-is-1.6.18.tgz?rbtorrent=38f82e5ad1ec85b7be95c74b669214119903c229",
      "integrity": "sha512-TkRKr9sUTxEH8MdfuCSP7VizJyzRNMjj2J2do2Jr3Kym598JVdEksuzPQCnlFPW4ky9Q+iA+ma9BGm06XQBy8g==",
      "requires": {
        "media-typer": "0.3.0",
        "mime-types": "~2.1.24"
      }
    },
    "typedarray": {
      "version": "0.0.6",
      "resolved": "https://npm.yandex-team.ru/typedarray/-/typedarray-0.0.6.tgz?rbtorrent=c965446ff13c7d499b5d07163eaaa47532feae57",
      "integrity": "sha1-hnrHTjhkGHsdPUfZlqeOxciDB3c="
    },
    "typescript": {
      "version": "4.5.2",
      "resolved": "https://npm.yandex-team.ru/typescript/-/typescript-4.5.2.tgz?rbtorrent=4c18e8b56fe645d2b2299f0113dfd01a5b618e1a",
      "integrity": "sha512-5BlMof9H1yGt0P8/WF+wPNw6GfctgGjXp5hkblpyT+8rkASSmkUKMXrxR0Xg8ThVCi/JnHQiKXeBaEwCeQwMFw=="
    },
    "unpipe": {
      "version": "1.0.0",
      "resolved": "https://npm.yandex-team.ru/unpipe/-/unpipe-1.0.0.tgz?rbtorrent=db35d7e949011b32e4923cd85a989fa998b0c852",
      "integrity": "sha1-sr9O6FFKrmFltIF4KdIbLvSZBOw="
    },
    "util-deprecate": {
      "version": "1.0.2",
      "resolved": "https://npm.yandex-team.ru/util-deprecate/-/util-deprecate-1.0.2.tgz?rbtorrent=b85aab19594c8c7603748f9711f19ed8a128ae74",
      "integrity": "sha1-RQ1Nyfpw3nMnYvvS1KKJgUGaDM8="
    },
    "utils-merge": {
      "version": "1.0.1",
      "resolved": "https://npm.yandex-team.ru/utils-merge/-/utils-merge-1.0.1.tgz?rbtorrent=faf6dd3c1b1134732f4eefafe0ef8dae1593efcf",
      "integrity": "sha1-n5VxD1CiZ5R7LMwSR0HBAoQn5xM="
    },
    "vary": {
      "version": "1.1.2",
      "resolved": "https://npm.yandex-team.ru/vary/-/vary-1.1.2.tgz?rbtorrent=5dbad8130c2f93496058551a924516e73c1155d4",
      "integrity": "sha1-IpnwLG3tMNSllhsLn3RSShj2NPw="
    },
    "void-elements": {
      "version": "3.1.0",
      "resolved": "https://npm.yandex-team.ru/void-elements/-/void-elements-3.1.0.tgz?rbtorrent=fe44c7a23d33745bff31783fa9a047d5f00fbf80",
      "integrity": "sha1-YU9/v42AHwu18GYfWy9XhXUOTwk="
    },
    "with": {
      "version": "7.0.2",
      "resolved": "https://npm.yandex-team.ru/with/-/with-7.0.2.tgz?rbtorrent=2fec5ea6b41c8404c122a959c13a0215b1d1a484",
      "integrity": "sha512-RNGKj82nUPg3g5ygxkQl0R937xLyho1J24ItRCBTr/m1YnZkzJy1hUiHUJrc/VlsDQzsCnInEGSg3bci0Lmd4w==",
      "requires": {
        "@babel/parser": "^7.9.6",
        "@babel/types": "^7.9.6",
        "assert-never": "^1.2.1",
        "babel-walk": "3.0.0-canary-5"
      }
    },
    "xtend": {
      "version": "4.0.2",
      "resolved": "https://npm.yandex-team.ru/xtend/-/xtend-4.0.2.tgz?rbtorrent=ee5e0c2cdd5bfd7a82a958a2365f2bdba1dee423",
      "integrity": "sha512-LKYU1iAXJXUgAXn9URjiu+MWhyUXHsvfp7mcuYm9dSUKK0/CjtrUwFAxD82/mCWbtLsGjFIad0wIsod4zrTAEQ=="
    }
  }
}
